
Microsoft Visual Studio Solution File, Format Version 12.00
# Visual Studio Version 16
VisualStudioVersion = 16.0.29306.81
MinimumVisualStudioVersion = 10.0.40219.1
Project("{9A19103F-16F7-4668-BE54-9A1E7A4F7556}") = "Hoard", "Web\Hoard.csproj", "{DC0ED26F-83EC-4D54-9C62-7C713D3117B9}"
EndProject
Project("{9A19103F-16F7-4668-BE54-9A1E7A4F7556}") = "Azure_Functions", "Azure Functions\Azure_Functions.csproj", "{39528B11-2C87-4069-840C-63E36309F341}"
EndProject
Project("{FAE04EC0-301F-11D3-BF4B-00C04F79EFBC}") = "Models", "Models\Models.csproj", "{6EED814B-2682-40E4-A750-CA8D997FA2DB}"
EndProject
Global
	GlobalSection(SolutionConfigurationPlatforms) = preSolution
		Debug|Any CPU = Debug|Any CPU
		Release|Any CPU = Release|Any CPU
	EndGlobalSection
	GlobalSection(ProjectConfigurationPlatforms) = postSolution
		{DC0ED26F-83EC-4D54-9C62-7C713D3117B9}.Debug|Any CPU.ActiveCfg = Debug|Any CPU
		{DC0ED26F-83EC-4D54-9C62-7C713D3117B9}.Debug|Any CPU.Build.0 = Debug|Any CPU
		{DC0ED26F-83EC-4D54-9C62-7C713D3117B9}.Release|Any CPU.ActiveCfg = Release|Any CPU
		{DC0ED26F-83EC-4D54-9C62-7C713D3117B9}.Release|Any CPU.Build.0 = Release|Any CPU
		{39528B11-2C87-4069-840C-63E36309F341}.Debug|Any CPU.ActiveCfg = Debug|Any CPU
		{39528B11-2C87-4069-840C-63E36309F341}.Debug|Any CPU.Build.0 = Debug|Any CPU
		{39528B11-2C87-4069-840C-63E36309F341}.Release|Any CPU.ActiveCfg = Release|Any CPU
		{39528B11-2C87-4069-840C-63E36309F341}.Release|Any CPU.Build.0 = Release|Any CPU
		{6EED814B-2682-40E4-A750-CA8D997FA2DB}.Debug|Any CPU.ActiveCfg = Debug|Any CPU
		{6EED814B-2682-40E4-A750-CA8D997FA2DB}.Debug|Any CPU.Build.0 = Debug|Any CPU
		{6EED814B-2682-40E4-A750-CA8D997FA2DB}.Release|Any CPU.ActiveCfg = Release|Any CPU
		{6EED814B-2682-40E4-A750-CA8D997FA2DB}.Release|Any CPU.Build.0 = Release|Any CPU
	EndGlobalSection
	GlobalSection(SolutionProperties) = preSolution
		HideSolutionNode = FALSE
	EndGlobalSection
	GlobalSection(ExtensibilityGlobals) = postSolution
		SolutionGuid = {A3F1AB62-5B3B-4BC5-87D8-35B5F9CDA157}
	EndGlobalSection
EndGlobal
